
Microsoft Visual Studio Solution File, Format Version 12.00
# Visual Studio Version 16
VisualStudioVersion = 16.0.29326.143
MinimumVisualStudioVersion = 10.0.40219.1
Project("{FAE04EC0-301F-11D3-BF4B-00C04F79EFBC}") = "LolChampionRunePageMap", "LolChampionRunePageMap.csproj", "{FF81E0EC-80CD-488A-9E53-8B331B1EE37A}"
EndProject
Global
	GlobalSection(SolutionConfigurationPlatforms) = preSolution
		Debug|Any CPU = Debug|Any CPU
		Debug|x86 = Debug|x86
		Release|Any CPU = Release|Any CPU
		Release|x86 = Release|x86
	EndGlobalSection
	GlobalSection(ProjectConfigurationPlatforms) = postSolution
		{FF81E0EC-80CD-488A-9E53-8B331B1EE37A}.Debug|Any CPU.ActiveCfg = Debug|Any CPU
		{FF81E0EC-80CD-488A-9E53-8B331B1EE37A}.Debug|Any CPU.Build.0 = Debug|Any CPU
		{FF81E0EC-80CD-488A-9E53-8B331B1EE37A}.Debug|x86.ActiveCfg = Debug|Any CPU
		{FF81E0EC-80CD-488A-9E53-8B331B1EE37A}.Debug|x86.Build.0 = Debug|Any CPU
		{FF81E0EC-80CD-488A-9E53-8B331B1EE37A}.Release|Any CPU.ActiveCfg = Release|Any CPU
		{FF81E0EC-80CD-488A-9E53-8B331B1EE37A}.Release|Any CPU.Build.0 = Release|Any CPU
		{FF81E0EC-80CD-488A-9E53-8B331B1EE37A}.Release|x86.ActiveCfg = Release|Any CPU
		{FF81E0EC-80CD-488A-9E53-8B331B1EE37A}.Release|x86.Build.0 = Release|Any CPU
	EndGlobalSection
	GlobalSection(SolutionProperties) = preSolution
		HideSolutionNode = FALSE
	EndGlobalSection
	GlobalSection(ExtensibilityGlobals) = postSolution
		SolutionGuid = {F72F9E79-5366-4DC8-95F0-8E1EFEE2E2F9}
	EndGlobalSection
EndGlobal
